
Microsoft Visual Studio Solution File, Format Version 12.00
# Visual Studio Version 16
VisualStudioVersion = 16.0.32228.343
MinimumVisualStudioVersion = 10.0.40219.1
Project("{FAE04EC0-301F-11D3-BF4B-00C04F79EFBC}") = "VTel", "VTel\VTel.csproj", "{BB870C4D-A048-4871-B207-FEDCD5B56760}"
EndProject
Global
	GlobalSection(SolutionConfigurationPlatforms) = preSolution
		Debug|Any CPU = Debug|Any CPU
		Release|Any CPU = Release|Any CPU
	EndGlobalSection
	GlobalSection(ProjectConfigurationPlatforms) = postSolution
		{BB870C4D-A048-4871-B207-FEDCD5B56760}.Debug|Any CPU.ActiveCfg = Debug|Any CPU
		{BB870C4D-A048-4871-B207-FEDCD5B56760}.Debug|Any CPU.Build.0 = Debug|Any CPU
		{BB870C4D-A048-4871-B207-FEDCD5B56760}.Release|Any CPU.ActiveCfg = Release|Any CPU
		{BB870C4D-A048-4871-B207-FEDCD5B56760}.Release|Any CPU.Build.0 = Release|Any CPU
	EndGlobalSection
	GlobalSection(SolutionProperties) = preSolution
		HideSolutionNode = FALSE
	EndGlobalSection
	GlobalSection(ExtensibilityGlobals) = postSolution
		SolutionGuid = {433B21D0-CEB3-4FB0-B114-D2C0F1E05269}
	EndGlobalSection
EndGlobal
